
Microsoft Visual Studio Solution File, Format Version 12.00
# Visual Studio Version 17
VisualStudioVersion = 17.4.33213.308
MinimumVisualStudioVersion = 10.0.40219.1
Project("{FAE04EC0-301F-11D3-BF4B-00C04F79EFBC}") = "rabotasGit", "rabotasGit\rabotasGit.csproj", "{CD381204-BC00-4B88-93CB-8DC0FD9996B9}"
EndProject
Global
	GlobalSection(SolutionConfigurationPlatforms) = preSolution
		Debug|Any CPU = Debug|Any CPU
		Release|Any CPU = Release|Any CPU
	EndGlobalSection
	GlobalSection(ProjectConfigurationPlatforms) = postSolution
		{CD381204-BC00-4B88-93CB-8DC0FD9996B9}.Debug|Any CPU.ActiveCfg = Debug|Any CPU
		{CD381204-BC00-4B88-93CB-8DC0FD9996B9}.Debug|Any CPU.Build.0 = Debug|Any CPU
		{CD381204-BC00-4B88-93CB-8DC0FD9996B9}.Release|Any CPU.ActiveCfg = Release|Any CPU
		{CD381204-BC00-4B88-93CB-8DC0FD9996B9}.Release|Any CPU.Build.0 = Release|Any CPU
	EndGlobalSection
	GlobalSection(SolutionProperties) = preSolution
		HideSolutionNode = FALSE
	EndGlobalSection
	GlobalSection(ExtensibilityGlobals) = postSolution
		SolutionGuid = {7C7D6887-AF80-4EDD-8CFD-E7266B64E49C}
	EndGlobalSection
EndGlobal
